// !$*UTF8*$!
{
	archiveVersion = 1;
	classes = {
	};
	objectVersion = 55;
	objects = {

/* Begin PBXBuildFile section */
		351095CA281A333900C393E0 /* JobTableViewController.swift in Sources */ = {isa = PBXBuildFile; fileRef = 351095C9281A333900C393E0 /* JobTableViewController.swift */; };
		351095CE281B1CE500C393E0 /* Jobs.swift in Sources */ = {isa = PBXBuildFile; fileRef = 351095CD281B1CE500C393E0 /* Jobs.swift */; };
		354DD51B281CB1C500CDD1EE /* DetailTableViewCell.swift in Sources */ = {isa = PBXBuildFile; fileRef = 354DD51A281CB1C500CDD1EE /* DetailTableViewCell.swift */; };
		354DD51D281CC69400CDD1EE /* UIViewController+alert.swift in Sources */ = {isa = PBXBuildFile; fileRef = 354DD51C281CC69400CDD1EE /* UIViewController+alert.swift */; };
		35E1C3C72818560800C76776 /* AppDelegate.swift in Sources */ = {isa = PBXBuildFile; fileRef = 35E1C3C62818560800C76776 /* AppDelegate.swift */; };
		35E1C3C92818560800C76776 /* SceneDelegate.swift in Sources */ = {isa = PBXBuildFile; fileRef = 35E1C3C82818560800C76776 /* SceneDelegate.swift */; };
		35E1C3CB2818560800C76776 /* LoginViewController.swift in Sources */ = {isa = PBXBuildFile; fileRef = 35E1C3CA2818560800C76776 /* LoginViewController.swift */; };
		35E1C3CE2818560800C76776 /* Main.storyboard in Resources */ = {isa = PBXBuildFile; fileRef = 35E1C3CC2818560800C76776 /* Main.storyboard */; };
		35E1C3D02818560E00C76776 /* Assets.xcassets in Resources */ = {isa = PBXBuildFile; fileRef = 35E1C3CF2818560E00C76776 /* Assets.xcassets */; };
		35E1C3D32818560E00C76776 /* LaunchScreen.storyboard in Resources */ = {isa = PBXBuildFile; fileRef = 35E1C3D12818560E00C76776 /* LaunchScreen.storyboard */; };
		35E1C3DB28188BD000C76776 /* GoogleService-Info.plist in Resources */ = {isa = PBXBuildFile; fileRef = 35E1C3DA28188BD000C76776 /* GoogleService-Info.plist */; };
		35E1C3DD28188D3400C76776 /* APIKeys.swift in Sources */ = {isa = PBXBuildFile; fileRef = 35E1C3DC28188D3400C76776 /* APIKeys.swift */; };
		35E1C3DF2818929400C76776 /* SelectionViewController.swift in Sources */ = {isa = PBXBuildFile; fileRef = 35E1C3DE2818929400C76776 /* SelectionViewController.swift */; };
		35E1C3E128189FBD00C76776 /* ListViewController.swift in Sources */ = {isa = PBXBuildFile; fileRef = 35E1C3E028189FBD00C76776 /* ListViewController.swift */; };
		35E1C3E32818CA7C00C76776 /* Job.swift in Sources */ = {isa = PBXBuildFile; fileRef = 35E1C3E22818CA7C00C76776 /* Job.swift */; };
		35E5A9F4281E0F2800B90A30 /* UserViewController.swift in Sources */ = {isa = PBXBuildFile; fileRef = 35E5A9F3281E0F2800B90A30 /* UserViewController.swift */; };
		35E5AA182820131F00B90A30 /* UserTableViewTableViewCell.swift in Sources */ = {isa = PBXBuildFile; fileRef = 35E5AA172820131F00B90A30 /* UserTableViewTableViewCell.swift */; };
		35E5AA1A2820535100B90A30 /* HelpUser.swift in Sources */ = {isa = PBXBuildFile; fileRef = 35E5AA192820534F00B90A30 /* HelpUser.swift */; };
		35E5AA1C282053DD00B90A30 /* HelpUsers.swift in Sources */ = {isa = PBXBuildFile; fileRef = 35E5AA1B282053DD00B90A30 /* HelpUsers.swift */; };
		35E5AA1E28205F2700B90A30 /* UIBarButtonItem+Hide.swift in Sources */ = {isa = PBXBuildFile; fileRef = 35E5AA1D28205F2600B90A30 /* UIBarButtonItem+Hide.swift */; };
		62504355596F3173B9E6F7C3 /* Pods_HelpNextDoor.framework in Frameworks */ = {isa = PBXBuildFile; fileRef = D6406ADF29371FD94BE974C8 /* Pods_HelpNextDoor.framework */; };
/* End PBXBuildFile section */

/* Begin PBXFileReference section */
		351095C9281A333900C393E0 /* JobTableViewController.swift */ = {isa = PBXFileReference; lastKnownFileType = sourcecode.swift; path = JobTableViewController.swift; sourceTree = "<group>"; };
		351095CD281B1CE500C393E0 /* Jobs.swift */ = {isa = PBXFileReference; lastKnownFileType = sourcecode.swift; path = Jobs.swift; sourceTree = "<group>"; };
		354DD51A281CB1C500CDD1EE /* DetailTableViewCell.swift */ = {isa = PBXFileReference; lastKnownFileType = sourcecode.swift; path = DetailTableViewCell.swift; sourceTree = "<group>"; };
		354DD51C281CC69400CDD1EE /* UIViewController+alert.swift */ = {isa = PBXFileReference; lastKnownFileType = sourcecode.swift; path = "UIViewController+alert.swift"; sourceTree = "<group>"; };
		35E1C3C32818560800C76776 /* HelpNextDoor.app */ = {isa = PBXFileReference; explicitFileType = wrapper.application; includeInIndex = 0; path = HelpNextDoor.app; sourceTree = BUILT_PRODUCTS_DIR; };
		35E1C3C62818560800C76776 /* AppDelegate.swift */ = {isa = PBXFileReference; lastKnownFileType = sourcecode.swift; path = AppDelegate.swift; sourceTree = "<group>"; };
		35E1C3C82818560800C76776 /* SceneDelegate.swift */ = {isa = PBXFileReference; lastKnownFileType = sourcecode.swift; path = SceneDelegate.swift; sourceTree = "<group>"; };
		35E1C3CA2818560800C76776 /* LoginViewController.swift */ = {isa = PBXFileReference; lastKnownFileType = sourcecode.swift; path = LoginViewController.swift; sourceTree = "<group>"; };
		35E1C3CD2818560800C76776 /* Base */ = {isa = PBXFileReference; lastKnownFileType = file.storyboard; name = Base; path = Base.lproj/Main.storyboard; sourceTree = "<group>"; };
		35E1C3CF2818560E00C76776 /* Assets.xcassets */ = {isa = PBXFileReference; lastKnownFileType = folder.assetcatalog; path = Assets.xcassets; sourceTree = "<group>"; };
		35E1C3D22818560E00C76776 /* Base */ = {isa = PBXFileReference; lastKnownFileType = file.storyboard; name = Base; path = Base.lproj/LaunchScreen.storyboard; sourceTree = "<group>"; };
		35E1C3D42818560E00C76776 /* Info.plist */ = {isa = PBXFileReference; lastKnownFileType = text.plist.xml; path = Info.plist; sourceTree = "<group>"; };
		35E1C3DA28188BD000C76776 /* GoogleService-Info.plist */ = {isa = PBXFileReference; lastKnownFileType = text.plist; path = "GoogleService-Info.plist"; sourceTree = SOURCE_ROOT; };
		35E1C3DC28188D3400C76776 /* APIKeys.swift */ = {isa = PBXFileReference; lastKnownFileType = sourcecode.swift; path = APIKeys.swift; sourceTree = "<group>"; };
		35E1C3DE2818929400C76776 /* SelectionViewController.swift */ = {isa = PBXFileReference; lastKnownFileType = sourcecode.swift; path = SelectionViewController.swift; sourceTree = "<group>"; };
		35E1C3E028189FBD00C76776 /* ListViewController.swift */ = {isa = PBXFileReference; lastKnownFileType = sourcecode.swift; path = ListViewController.swift; sourceTree = "<group>"; };
		35E1C3E22818CA7C00C76776 /* Job.swift */ = {isa = PBXFileReference; lastKnownFileType = sourcecode.swift; path = Job.swift; sourceTree = "<group>"; };
		35E5A9F3281E0F2800B90A30 /* UserViewController.swift */ = {isa = PBXFileReference; lastKnownFileType = sourcecode.swift; path = UserViewController.swift; sourceTree = "<group>"; };
		35E5AA172820131F00B90A30 /* UserTableViewTableViewCell.swift */ = {isa = PBXFileReference; lastKnownFileType = sourcecode.swift; path = UserTableViewTableViewCell.swift; sourceTree = "<group>"; };
		35E5AA192820534F00B90A30 /* HelpUser.swift */ = {isa = PBXFileReference; lastKnownFileType = sourcecode.swift; path = HelpUser.swift; sourceTree = "<group>"; };
		35E5AA1B282053DD00B90A30 /* HelpUsers.swift */ = {isa = PBXFileReference; lastKnownFileType = sourcecode.swift; path = HelpUsers.swift; sourceTree = "<group>"; };
		35E5AA1D28205F2600B90A30 /* UIBarButtonItem+Hide.swift */ = {isa = PBXFileReference; lastKnownFileType = sourcecode.swift; path = "UIBarButtonItem+Hide.swift"; sourceTree = "<group>"; };
		372C22FA5909921EC9F6ABEE /* Pods-HelpNextDoor.release.xcconfig */ = {isa = PBXFileReference; includeInIndex = 1; lastKnownFileType = text.xcconfig; name = "Pods-HelpNextDoor.release.xcconfig"; path = "Target Support Files/Pods-HelpNextDoor/Pods-HelpNextDoor.release.xcconfig"; sourceTree = "<group>"; };
		78C378D72B4A967766CE0161 /* Pods-HelpNextDoor.debug.xcconfig */ = {isa = PBXFileReference; includeInIndex = 1; lastKnownFileType = text.xcconfig; name = "Pods-HelpNextDoor.debug.xcconfig"; path = "Target Support Files/Pods-HelpNextDoor/Pods-HelpNextDoor.debug.xcconfig"; sourceTree = "<group>"; };
		D6406ADF29371FD94BE974C8 /* Pods_HelpNextDoor.framework */ = {isa = PBXFileReference; explicitFileType = wrapper.framework; includeInIndex = 0; path = Pods_HelpNextDoor.framework; sourceTree = BUILT_PRODUCTS_DIR; };
/* End PBXFileReference section */

/* Begin PBXFrameworksBuildPhase section */
		35E1C3C02818560800C76776 /* Frameworks */ = {
			isa = PBXFrameworksBuildPhase;
			buildActionMask = 2147483647;
			files = (
				62504355596F3173B9E6F7C3 /* Pods_HelpNextDoor.framework in Frameworks */,
			);
			runOnlyForDeploymentPostprocessing = 0;
		};
/* End PBXFrameworksBuildPhase section */

/* Begin PBXGroup section */
		35E1C3BA2818560800C76776 = {
			isa = PBXGroup;
			children = (
				35E1C3C52818560800C76776 /* HelpNextDoor */,
				35E1C3C42818560800C76776 /* Products */,
				35E40C3C90030F24D4FBED5B /* Pods */,
				FFA15868372A691937111BA7 /* Frameworks */,
			);
			sourceTree = "<group>";
		};
		35E1C3C42818560800C76776 /* Products */ = {
			isa = PBXGroup;
			children = (
				35E1C3C32818560800C76776 /* HelpNextDoor.app */,
			);
			name = Products;
			sourceTree = "<group>";
		};
		35E1C3C52818560800C76776 /* HelpNextDoor */ = {
			isa = PBXGroup;
			children = (
				35E1C3C62818560800C76776 /* AppDelegate.swift */,
				35E1C3C82818560800C76776 /* SceneDelegate.swift */,
				35E1C3E22818CA7C00C76776 /* Job.swift */,
				351095CD281B1CE500C393E0 /* Jobs.swift */,
				35E5AA192820534F00B90A30 /* HelpUser.swift */,
				35E5AA1B282053DD00B90A30 /* HelpUsers.swift */,
				35E1C3CA2818560800C76776 /* LoginViewController.swift */,
				35E1C3DE2818929400C76776 /* SelectionViewController.swift */,
				35E5A9F3281E0F2800B90A30 /* UserViewController.swift */,
				35E1C3E028189FBD00C76776 /* ListViewController.swift */,
				351095C9281A333900C393E0 /* JobTableViewController.swift */,
				354DD51A281CB1C500CDD1EE /* DetailTableViewCell.swift */,
				35E5AA172820131F00B90A30 /* UserTableViewTableViewCell.swift */,
				35E1C3DC28188D3400C76776 /* APIKeys.swift */,
				354DD51C281CC69400CDD1EE /* UIViewController+alert.swift */,
				35E5AA1D28205F2600B90A30 /* UIBarButtonItem+Hide.swift */,
				35E1C3CC2818560800C76776 /* Main.storyboard */,
				35E1C3CF2818560E00C76776 /* Assets.xcassets */,
				35E1C3D12818560E00C76776 /* LaunchScreen.storyboard */,
				35E1C3D42818560E00C76776 /* Info.plist */,
				35E1C3DA28188BD000C76776 /* GoogleService-Info.plist */,
			);
			path = HelpNextDoor;
			sourceTree = "<group>";
		};
		35E40C3C90030F24D4FBED5B /* Pods */ = {
			isa = PBXGroup;
			children = (
				78C378D72B4A967766CE0161 /* Pods-HelpNextDoor.debug.xcconfig */,
				372C22FA5909921EC9F6ABEE /* Pods-HelpNextDoor.release.xcconfig */,
			);
			path = Pods;
			sourceTree = "<group>";
		};
		FFA15868372A691937111BA7 /* Frameworks */ = {
			isa = PBXGroup;
			children = (
				D6406ADF29371FD94BE974C8 /* Pods_HelpNextDoor.framework */,
			);
			name = Frameworks;
			sourceTree = "<group>";
		};
/* End PBXGroup section */

/* Begin PBXNativeTarget section */
		35E1C3C22818560800C76776 /* HelpNextDoor */ = {
			isa = PBXNativeTarget;
			buildConfigurationList = 35E1C3D72818560E00C76776 /* Build configuration list for PBXNativeTarget "HelpNextDoor" */;
			buildPhases = (
				7F9DD5B0DBF1FFC06FC59CB0 /* [CP] Check Pods Manifest.lock */,
				35E1C3BF2818560800C76776 /* Sources */,
				35E1C3C02818560800C76776 /* Frameworks */,
				35E1C3C12818560800C76776 /* Resources */,
				927C8F68C1D5C914F6AD0A31 /* [CP] Embed Pods Frameworks */,
				962BD34922965B93754A2693 /* [CP] Copy Pods Resources */,
			);
			buildRules = (
			);
			dependencies = (
			);
			name = HelpNextDoor;
			productName = HelpNextDoor;
			productReference = 35E1C3C32818560800C76776 /* HelpNextDoor.app */;
			productType = "com.apple.product-type.application";
		};
/* End PBXNativeTarget section */

/* Begin PBXProject section */
		35E1C3BB2818560800C76776 /* Project object */ = {
			isa = PBXProject;
			attributes = {
				BuildIndependentTargetsInParallel = 1;
				LastSwiftUpdateCheck = 1330;
				LastUpgradeCheck = 1330;
				TargetAttributes = {
					35E1C3C22818560800C76776 = {
						CreatedOnToolsVersion = 13.3.1;
					};
				};
			};
			buildConfigurationList = 35E1C3BE2818560800C76776 /* Build configuration list for PBXProject "HelpNextDoor" */;
			compatibilityVersion = "Xcode 13.0";
			developmentRegion = en;
			hasScannedForEncodings = 0;
			knownRegions = (
				en,
				Base,
			);
			mainGroup = 35E1C3BA2818560800C76776;
			productRefGroup = 35E1C3C42818560800C76776 /* Products */;
			projectDirPath = "";
			projectRoot = "";
			targets = (
				35E1C3C22818560800C76776 /* HelpNextDoor */,
			);
		};
/* End PBXProject section */

/* Begin PBXResourcesBuildPhase section */
		35E1C3C12818560800C76776 /* Resources */ = {
			isa = PBXResourcesBuildPhase;
			buildActionMask = 2147483647;
			files = (
				35E1C3D32818560E00C76776 /* LaunchScreen.storyboard in Resources */,
				35E1C3DB28188BD000C76776 /* GoogleService-Info.plist in Resources */,
				35E1C3D02818560E00C76776 /* Assets.xcassets in Resources */,
				35E1C3CE2818560800C76776 /* Main.storyboard in Resources */,
			);
			runOnlyForDeploymentPostprocessing = 0;
		};
/* End PBXResourcesBuildPhase section */

/* Begin PBXShellScriptBuildPhase section */
		7F9DD5B0DBF1FFC06FC59CB0 /* [CP] Check Pods Manifest.lock */ = {
			isa = PBXShellScriptBuildPhase;
			buildActionMask = 2147483647;
			files = (
			);
			inputFileListPaths = (
			);
			inputPaths = (
				"${PODS_PODFILE_DIR_PATH}/Podfile.lock",
				"${PODS_ROOT}/Manifest.lock",
			);
			name = "[CP] Check Pods Manifest.lock";
			outputFileListPaths = (
			);
			outputPaths = (
				"$(DERIVED_FILE_DIR)/Pods-HelpNextDoor-checkManifestLockResult.txt",
			);
			runOnlyForDeploymentPostprocessing = 0;
			shellPath = /bin/sh;
			shellScript = "diff \"${PODS_PODFILE_DIR_PATH}/Podfile.lock\" \"${PODS_ROOT}/Manifest.lock\" > /dev/null\nif [ $? != 0 ] ; then\n    # print error to STDERR\n    echo \"error: The sandbox is not in sync with the Podfile.lock. Run 'pod install' or update your CocoaPods installation.\" >&2\n    exit 1\nfi\n# This output is used by Xcode 'outputs' to avoid re-running this script phase.\necho \"SUCCESS\" > \"${SCRIPT_OUTPUT_FILE_0}\"\n";
			showEnvVarsInLog = 0;
		};
		927C8F68C1D5C914F6AD0A31 /* [CP] Embed Pods Frameworks */ = {
			isa = PBXShellScriptBuildPhase;
			buildActionMask = 2147483647;
			files = (
			);
			inputFileListPaths = (
				"${PODS_ROOT}/Target Support Files/Pods-HelpNextDoor/Pods-HelpNextDoor-frameworks-${CONFIGURATION}-input-files.xcfilelist",
			);
			name = "[CP] Embed Pods Frameworks";
			outputFileListPaths = (
				"${PODS_ROOT}/Target Support Files/Pods-HelpNextDoor/Pods-HelpNextDoor-frameworks-${CONFIGURATION}-output-files.xcfilelist",
			);
			runOnlyForDeploymentPostprocessing = 0;
			shellPath = /bin/sh;
			shellScript = "\"${PODS_ROOT}/Target Support Files/Pods-HelpNextDoor/Pods-HelpNextDoor-frameworks.sh\"\n";
			showEnvVarsInLog = 0;
		};
		962BD34922965B93754A2693 /* [CP] Copy Pods Resources */ = {
			isa = PBXShellScriptBuildPhase;
			buildActionMask = 2147483647;
			files = (
			);
			inputFileListPaths = (
				"${PODS_ROOT}/Target Support Files/Pods-HelpNextDoor/Pods-HelpNextDoor-resources-${CONFIGURATION}-input-files.xcfilelist",
			);
			name = "[CP] Copy Pods Resources";
			outputFileListPaths = (
				"${PODS_ROOT}/Target Support Files/Pods-HelpNextDoor/Pods-HelpNextDoor-resources-${CONFIGURATION}-output-files.xcfilelist",
			);
			runOnlyForDeploymentPostprocessing = 0;
			shellPath = /bin/sh;
			shellScript = "\"${PODS_ROOT}/Target Support Files/Pods-HelpNextDoor/Pods-HelpNextDoor-resources.sh\"\n";
			showEnvVarsInLog = 0;
		};
/* End PBXShellScriptBuildPhase section */

/* Begin PBXSourcesBuildPhase section */
		35E1C3BF2818560800C76776 /* Sources */ = {
			isa = PBXSourcesBuildPhase;
			buildActionMask = 2147483647;
			files = (
				35E1C3DF2818929400C76776 /* SelectionViewController.swift in Sources */,
				35E1C3CB2818560800C76776 /* LoginViewController.swift in Sources */,
				35E1C3E128189FBD00C76776 /* ListViewController.swift in Sources */,
				35E5AA1C282053DD00B90A30 /* HelpUsers.swift in Sources */,
				351095CE281B1CE500C393E0 /* Jobs.swift in Sources */,
				35E5AA182820131F00B90A30 /* UserTableViewTableViewCell.swift in Sources */,
				35E1C3C72818560800C76776 /* AppDelegate.swift in Sources */,
				35E5AA1A2820535100B90A30 /* HelpUser.swift in Sources */,
				35E5AA1E28205F2700B90A30 /* UIBarButtonItem+Hide.swift in Sources */,
				35E1C3DD28188D3400C76776 /* APIKeys.swift in Sources */,
				354DD51B281CB1C500CDD1EE /* DetailTableViewCell.swift in Sources */,
				35E5A9F4281E0F2800B90A30 /* UserViewController.swift in Sources */,
				354DD51D281CC69400CDD1EE /* UIViewController+alert.swift in Sources */,
				35E1C3C92818560800C76776 /* SceneDelegate.swift in Sources */,
				35E1C3E32818CA7C00C76776 /* Job.swift in Sources */,
				351095CA281A333900C393E0 /* JobTableViewController.swift in Sources */,
			);
			runOnlyForDeploymentPostprocessing = 0;
		};
/* End PBXSourcesBuildPhase section */

/* Begin PBXVariantGroup section */
		35E1C3CC2818560800C76776 /* Main.storyboard */ = {
			isa = PBXVariantGroup;
			children = (
				35E1C3CD2818560800C76776 /* Base */,
			);
			name = Main.storyboard;
			sourceTree = "<group>";
		};
		35E1C3D12818560E00C76776 /* LaunchScreen.storyboard */ = {
			isa = PBXVariantGroup;
			children = (
				35E1C3D22818560E00C76776 /* Base */,
			);
			name = LaunchScreen.storyboard;
			sourceTree = "<group>";
		};
/* End PBXVariantGroup section */

/* Begin XCBuildConfiguration section */
		35E1C3D52818560E00C76776 /* Debug */ = {
			isa = XCBuildConfiguration;
			buildSettings = {
				ALWAYS_SEARCH_USER_PATHS = NO;
				CLANG_ANALYZER_NONNULL = YES;
				CLANG_ANALYZER_NUMBER_OBJECT_CONVERSION = YES_AGGRESSIVE;
				CLANG_CXX_LANGUAGE_STANDARD = "gnu++17";
				CLANG_ENABLE_MODULES = YES;
				CLANG_ENABLE_OBJC_ARC = YES;
				CLANG_ENABLE_OBJC_WEAK = YES;
				CLANG_WARN_BLOCK_CAPTURE_AUTORELEASING = YES;
				CLANG_WARN_BOOL_CONVERSION = YES;
				CLANG_WARN_COMMA = YES;
				CLANG_WARN_CONSTANT_CONVERSION = YES;
				CLANG_WARN_DEPRECATED_OBJC_IMPLEMENTATIONS = YES;
				CLANG_WARN_DIRECT_OBJC_ISA_USAGE = YES_ERROR;
				CLANG_WARN_DOCUMENTATION_COMMENTS = YES;
				CLANG_WARN_EMPTY_BODY = YES;
				CLANG_WARN_ENUM_CONVERSION = YES;
				CLANG_WARN_INFINITE_RECURSION = YES;
				CLANG_WARN_INT_CONVERSION = YES;
				CLANG_WARN_NON_LITERAL_NULL_CONVERSION = YES;
				CLANG_WARN_OBJC_IMPLICIT_RETAIN_SELF = YES;
				CLANG_WARN_OBJC_LITERAL_CONVERSION = YES;
				CLANG_WARN_OBJC_ROOT_CLASS = YES_ERROR;
				CLANG_WARN_QUOTED_INCLUDE_IN_FRAMEWORK_HEADER = YES;
				CLANG_WARN_RANGE_LOOP_ANALYSIS = YES;
				CLANG_WARN_STRICT_PROTOTYPES = YES;
				CLANG_WARN_SUSPICIOUS_MOVE = YES;
				CLANG_WARN_UNGUARDED_AVAILABILITY = YES_AGGRESSIVE;
				CLANG_WARN_UNREACHABLE_CODE = YES;
				CLANG_WARN__DUPLICATE_METHOD_MATCH = YES;
				COPY_PHASE_STRIP = NO;
				DEBUG_INFORMATION_FORMAT = dwarf;
				ENABLE_STRICT_OBJC_MSGSEND = YES;
				ENABLE_TESTABILITY = YES;
				GCC_C_LANGUAGE_STANDARD = gnu11;
				GCC_DYNAMIC_NO_PIC = NO;
				GCC_NO_COMMON_BLOCKS = YES;
				GCC_OPTIMIZATION_LEVEL = 0;
				GCC_PREPROCESSOR_DEFINITIONS = (
					"DEBUG=1",
					"$(inherited)",
				);
				GCC_WARN_64_TO_32_BIT_CONVERSION = YES;
				GCC_WARN_ABOUT_RETURN_TYPE = YES_ERROR;
				GCC_WARN_UNDECLARED_SELECTOR = YES;
				GCC_WARN_UNINITIALIZED_AUTOS = YES_AGGRESSIVE;
				GCC_WARN_UNUSED_FUNCTION = YES;
				GCC_WARN_UNUSED_VARIABLE = YES;
				IPHONEOS_DEPLOYMENT_TARGET = 15.4;
				MTL_ENABLE_DEBUG_INFO = INCLUDE_SOURCE;
				MTL_FAST_MATH = YES;
				ONLY_ACTIVE_ARCH = YES;
				SDKROOT = iphoneos;
				SWIFT_ACTIVE_COMPILATION_CONDITIONS = DEBUG;
				SWIFT_OPTIMIZATION_LEVEL = "-Onone";
			};
			name = Debug;
		};
		35E1C3D62818560E00C76776 /* Release */ = {
			isa = XCBuildConfiguration;
			buildSettings = {
				ALWAYS_SEARCH_USER_PATHS = NO;
				CLANG_ANALYZER_NONNULL = YES;
				CLANG_ANALYZER_NUMBER_OBJECT_CONVERSION = YES_AGGRESSIVE;
				CLANG_CXX_LANGUAGE_STANDARD = "gnu++17";
				CLANG_ENABLE_MODULES = YES;
				CLANG_ENABLE_OBJC_ARC = YES;
				CLANG_ENABLE_OBJC_WEAK = YES;
				CLANG_WARN_BLOCK_CAPTURE_AUTORELEASING = YES;
				CLANG_WARN_BOOL_CONVERSION = YES;
				CLANG_WARN_COMMA = YES;
				CLANG_WARN_CONSTANT_CONVERSION = YES;
				CLANG_WARN_DEPRECATED_OBJC_IMPLEMENTATIONS = YES;
				CLANG_WARN_DIRECT_OBJC_ISA_USAGE = YES_ERROR;
				CLANG_WARN_DOCUMENTATION_COMMENTS = YES;
				CLANG_WARN_EMPTY_BODY = YES;
				CLANG_WARN_ENUM_CONVERSION = YES;
				CLANG_WARN_INFINITE_RECURSION = YES;
				CLANG_WARN_INT_CONVERSION = YES;
				CLANG_WARN_NON_LITERAL_NULL_CONVERSION = YES;
				CLANG_WARN_OBJC_IMPLICIT_RETAIN_SELF = YES;
				CLANG_WARN_OBJC_LITERAL_CONVERSION = YES;
				CLANG_WARN_OBJC_ROOT_CLASS = YES_ERROR;
				CLANG_WARN_QUOTED_INCLUDE_IN_FRAMEWORK_HEADER = YES;
				CLANG_WARN_RANGE_LOOP_ANALYSIS = YES;
				CLANG_WARN_STRICT_PROTOTYPES = YES;
				CLANG_WARN_SUSPICIOUS_MOVE = YES;
				CLANG_WARN_UNGUARDED_AVAILABILITY = YES_AGGRESSIVE;
				CLANG_WARN_UNREACHABLE_CODE = YES;
				CLANG_WARN__DUPLICATE_METHOD_MATCH = YES;
				COPY_PHASE_STRIP = NO;
				DEBUG_INFORMATION_FORMAT = "dwarf-with-dsym";
				ENABLE_NS_ASSERTIONS = NO;
				ENABLE_STRICT_OBJC_MSGSEND = YES;
				GCC_C_LANGUAGE_STANDARD = gnu11;
				GCC_NO_COMMON_BLOCKS = YES;
				GCC_WARN_64_TO_32_BIT_CONVERSION = YES;
				GCC_WARN_ABOUT_RETURN_TYPE = YES_ERROR;
				GCC_WARN_UNDECLARED_SELECTOR = YES;
				GCC_WARN_UNINITIALIZED_AUTOS = YES_AGGRESSIVE;
				GCC_WARN_UNUSED_FUNCTION = YES;
				GCC_WARN_UNUSED_VARIABLE = YES;
				IPHONEOS_DEPLOYMENT_TARGET = 15.4;
				MTL_ENABLE_DEBUG_INFO = NO;
				MTL_FAST_MATH = YES;
				SDKROOT = iphoneos;
				SWIFT_COMPILATION_MODE = wholemodule;
				SWIFT_OPTIMIZATION_LEVEL = "-O";
				VALIDATE_PRODUCT = YES;
			};
			name = Release;
		};
		35E1C3D82818560E00C76776 /* Debug */ = {
			isa = XCBuildConfiguration;
			baseConfigurationReference = 78C378D72B4A967766CE0161 /* Pods-HelpNextDoor.debug.xcconfig */;
			buildSettings = {
				ASSETCATALOG_COMPILER_APPICON_NAME = AppIcon;
				ASSETCATALOG_COMPILER_GLOBAL_ACCENT_COLOR_NAME = AccentColor;
				CODE_SIGN_STYLE = Automatic;
				CURRENT_PROJECT_VERSION = 1;
				DEVELOPMENT_TEAM = 34367XE3DQ;
				GENERATE_INFOPLIST_FILE = YES;
				INFOPLIST_FILE = HelpNextDoor/Info.plist;
				INFOPLIST_KEY_UIApplicationSupportsIndirectInputEvents = YES;
				INFOPLIST_KEY_UILaunchStoryboardName = LaunchScreen;
				INFOPLIST_KEY_UIMainStoryboardFile = Main;
				INFOPLIST_KEY_UISupportedInterfaceOrientations_iPad = "UIInterfaceOrientationPortrait UIInterfaceOrientationPortraitUpsideDown UIInterfaceOrientationLandscapeLeft UIInterfaceOrientationLandscapeRight";
				INFOPLIST_KEY_UISupportedInterfaceOrientations_iPhone = "UIInterfaceOrientationPortrait UIInterfaceOrientationLandscapeLeft UIInterfaceOrientationLandscapeRight";
				LD_RUNPATH_SEARCH_PATHS = (
					"$(inherited)",
					"@executable_path/Frameworks",
				);
				MARKETING_VERSION = 1.0;
				PRODUCT_BUNDLE_IDENTIFIER = com.shreysharma10.HelpNextDoor;
				PRODUCT_NAME = "$(TARGET_NAME)";
				SWIFT_EMIT_LOC_STRINGS = YES;
				SWIFT_VERSION = 5.0;
				TARGETED_DEVICE_FAMILY = "1,2";
			};
			name = Debug;
		};
		35E1C3D92818560E00C76776 /* Release */ = {
			isa = XCBuildConfiguration;
			baseConfigurationReference = 372C22FA5909921EC9F6ABEE /* Pods-HelpNextDoor.release.xcconfig */;
			buildSettings = {
				ASSETCATALOG_COMPILER_APPICON_NAME = AppIcon;
				ASSETCATALOG_COMPILER_GLOBAL_ACCENT_COLOR_NAME = AccentColor;
				CODE_SIGN_STYLE = Automatic;
				CURRENT_PROJECT_VERSION = 1;
				DEVELOPMENT_TEAM = 34367XE3DQ;
				GENERATE_INFOPLIST_FILE = YES;
				INFOPLIST_FILE = HelpNextDoor/Info.plist;
				INFOPLIST_KEY_UIApplicationSupportsIndirectInputEvents = YES;
				INFOPLIST_KEY_UILaunchStoryboardName = LaunchScreen;
				INFOPLIST_KEY_UIMainStoryboardFile = Main;
				INFOPLIST_KEY_UISupportedInterfaceOrientations_iPad = "UIInterfaceOrientationPortrait UIInterfaceOrientationPortraitUpsideDown UIInterfaceOrientationLandscapeLeft UIInterfaceOrientationLandscapeRight";
				INFOPLIST_KEY_UISupportedInterfaceOrientations_iPhone = "UIInterfaceOrientationPortrait UIInterfaceOrientationLandscapeLeft UIInterfaceOrientationLandscapeRight";
				LD_RUNPATH_SEARCH_PATHS = (
					"$(inherited)",
					"@executable_path/Frameworks",
				);
				MARKETING_VERSION = 1.0;
				PRODUCT_BUNDLE_IDENTIFIER = com.shreysharma10.HelpNextDoor;
				PRODUCT_NAME = "$(TARGET_NAME)";
				SWIFT_EMIT_LOC_STRINGS = YES;
				SWIFT_VERSION = 5.0;
				TARGETED_DEVICE_FAMILY = "1,2";
			};
			name = Release;
		};
/* End XCBuildConfiguration section */

/* Begin XCConfigurationList section */
		35E1C3BE2818560800C76776 /* Build configuration list for PBXProject "HelpNextDoor" */ = {
			isa = XCConfigurationList;
			buildConfigurations = (
				35E1C3D52818560E00C76776 /* Debug */,
				35E1C3D62818560E00C76776 /* Release */,
			);
			defaultConfigurationIsVisible = 0;
			defaultConfigurationName = Release;
		};
		35E1C3D72818560E00C76776 /* Build configuration list for PBXNativeTarget "HelpNextDoor" */ = {
			isa = XCConfigurationList;
			buildConfigurations = (
				35E1C3D82818560E00C76776 /* Debug */,
				35E1C3D92818560E00C76776 /* Release */,
			);
			defaultConfigurationIsVisible = 0;
			defaultConfigurationName = Release;
		};
/* End XCConfigurationList section */
	};
	rootObject = 35E1C3BB2818560800C76776 /* Project object */;
}
